// !$*UTF8*$!
{
	archiveVersion = 1;
	classes = {
	};
	objectVersion = 52;
	objects = {

/* Begin PBXBuildFile section */
		2437104D267A2213006DF9FB /* swiftui_demoApp.swift in Sources */ = {isa = PBXBuildFile; fileRef = 2437104C267A2213006DF9FB /* swiftui_demoApp.swift */; };
		2437104F267A2213006DF9FB /* ContentView.swift in Sources */ = {isa = PBXBuildFile; fileRef = 2437104E267A2213006DF9FB /* ContentView.swift */; };
		24371051267A2216006DF9FB /* Assets.xcassets in Resources */ = {isa = PBXBuildFile; fileRef = 24371050267A2216006DF9FB /* Assets.xcassets */; };
		24371054267A2216006DF9FB /* Preview Assets.xcassets in Resources */ = {isa = PBXBuildFile; fileRef = 24371053267A2216006DF9FB /* Preview Assets.xcassets */; };
		2437105D267CE1C9006DF9FB /* HomePage.swift in Sources */ = {isa = PBXBuildFile; fileRef = 2437105C267CE1C9006DF9FB /* HomePage.swift */; };
		2437105F267CE1DB006DF9FB /* RankPage.swift in Sources */ = {isa = PBXBuildFile; fileRef = 2437105E267CE1DB006DF9FB /* RankPage.swift */; };
		24371061267CE21E006DF9FB /* MinePage.swift in Sources */ = {isa = PBXBuildFile; fileRef = 24371060267CE21E006DF9FB /* MinePage.swift */; };
		2495853A26905597000FF420 /* ComposableArchitecture in Frameworks */ = {isa = PBXBuildFile; productRef = 2495853926905597000FF420 /* ComposableArchitecture */; };
		2495853C2690570F000FF420 /* CasePage.swift in Sources */ = {isa = PBXBuildFile; fileRef = 2495853B2690570F000FF420 /* CasePage.swift */; };
		2495853E26905A03000FF420 /* CasePageTCA.swift in Sources */ = {isa = PBXBuildFile; fileRef = 2495853D26905A03000FF420 /* CasePageTCA.swift */; };
		2495854026971B2C000FF420 /* LearnPage.swift in Sources */ = {isa = PBXBuildFile; fileRef = 2495853F26971B2C000FF420 /* LearnPage.swift */; };
/* End PBXBuildFile section */

/* Begin PBXFileReference section */
		24371049267A2213006DF9FB /* swiftui-demo.app */ = {isa = PBXFileReference; explicitFileType = wrapper.application; includeInIndex = 0; path = "swiftui-demo.app"; sourceTree = BUILT_PRODUCTS_DIR; };
		2437104C267A2213006DF9FB /* swiftui_demoApp.swift */ = {isa = PBXFileReference; lastKnownFileType = sourcecode.swift; path = swiftui_demoApp.swift; sourceTree = "<group>"; };
		2437104E267A2213006DF9FB /* ContentView.swift */ = {isa = PBXFileReference; lastKnownFileType = sourcecode.swift; path = ContentView.swift; sourceTree = "<group>"; };
		24371050267A2216006DF9FB /* Assets.xcassets */ = {isa = PBXFileReference; lastKnownFileType = folder.assetcatalog; path = Assets.xcassets; sourceTree = "<group>"; };
		24371053267A2216006DF9FB /* Preview Assets.xcassets */ = {isa = PBXFileReference; lastKnownFileType = folder.assetcatalog; path = "Preview Assets.xcassets"; sourceTree = "<group>"; };
		24371055267A2216006DF9FB /* Info.plist */ = {isa = PBXFileReference; lastKnownFileType = text.plist.xml; path = Info.plist; sourceTree = "<group>"; };
		2437105C267CE1C9006DF9FB /* HomePage.swift */ = {isa = PBXFileReference; lastKnownFileType = sourcecode.swift; path = HomePage.swift; sourceTree = "<group>"; };
		2437105E267CE1DB006DF9FB /* RankPage.swift */ = {isa = PBXFileReference; lastKnownFileType = sourcecode.swift; path = RankPage.swift; sourceTree = "<group>"; };
		24371060267CE21E006DF9FB /* MinePage.swift */ = {isa = PBXFileReference; lastKnownFileType = sourcecode.swift; path = MinePage.swift; sourceTree = "<group>"; };
		2495853B2690570F000FF420 /* CasePage.swift */ = {isa = PBXFileReference; lastKnownFileType = sourcecode.swift; path = CasePage.swift; sourceTree = "<group>"; };
		2495853D26905A03000FF420 /* CasePageTCA.swift */ = {isa = PBXFileReference; lastKnownFileType = sourcecode.swift; path = CasePageTCA.swift; sourceTree = "<group>"; };
		2495853F26971B2C000FF420 /* LearnPage.swift */ = {isa = PBXFileReference; lastKnownFileType = sourcecode.swift; path = LearnPage.swift; sourceTree = "<group>"; };
/* End PBXFileReference section */

/* Begin PBXFrameworksBuildPhase section */
		24371046267A2213006DF9FB /* Frameworks */ = {
			isa = PBXFrameworksBuildPhase;
			buildActionMask = 2147483647;
			files = (
				2495853A26905597000FF420 /* ComposableArchitecture in Frameworks */,
			);
			runOnlyForDeploymentPostprocessing = 0;
		};
/* End PBXFrameworksBuildPhase section */

/* Begin PBXGroup section */
		24371040267A2213006DF9FB = {
			isa = PBXGroup;
			children = (
				2437104B267A2213006DF9FB /* swiftui-demo */,
				2437104A267A2213006DF9FB /* Products */,
			);
			sourceTree = "<group>";
		};
		2437104A267A2213006DF9FB /* Products */ = {
			isa = PBXGroup;
			children = (
				24371049267A2213006DF9FB /* swiftui-demo.app */,
			);
			name = Products;
			sourceTree = "<group>";
		};
		2437104B267A2213006DF9FB /* swiftui-demo */ = {
			isa = PBXGroup;
			children = (
				2437104C267A2213006DF9FB /* swiftui_demoApp.swift */,
				2437104E267A2213006DF9FB /* ContentView.swift */,
				2437105B267CE1A8006DF9FB /* Page */,
				24371050267A2216006DF9FB /* Assets.xcassets */,
				24371055267A2216006DF9FB /* Info.plist */,
				24371052267A2216006DF9FB /* Preview Content */,
			);
			path = "swiftui-demo";
			sourceTree = "<group>";
		};
		24371052267A2216006DF9FB /* Preview Content */ = {
			isa = PBXGroup;
			children = (
				24371053267A2216006DF9FB /* Preview Assets.xcassets */,
			);
			path = "Preview Content";
			sourceTree = "<group>";
		};
		2437105B267CE1A8006DF9FB /* Page */ = {
			isa = PBXGroup;
			children = (
				2437105C267CE1C9006DF9FB /* HomePage.swift */,
				2437105E267CE1DB006DF9FB /* RankPage.swift */,
				24371060267CE21E006DF9FB /* MinePage.swift */,
				2495853B2690570F000FF420 /* CasePage.swift */,
				2495853D26905A03000FF420 /* CasePageTCA.swift */,
				2495853F26971B2C000FF420 /* LearnPage.swift */,
			);
			path = Page;
			sourceTree = "<group>";
		};
/* End PBXGroup section */

/* Begin PBXNativeTarget section */
		24371048267A2213006DF9FB /* swiftui-demo */ = {
			isa = PBXNativeTarget;
			buildConfigurationList = 24371058267A2216006DF9FB /* Build configuration list for PBXNativeTarget "swiftui-demo" */;
			buildPhases = (
				24371045267A2213006DF9FB /* Sources */,
				24371046267A2213006DF9FB /* Frameworks */,
				24371047267A2213006DF9FB /* Resources */,
			);
			buildRules = (
			);
			dependencies = (
			);
			name = "swiftui-demo";
			packageProductDependencies = (
				2495853926905597000FF420 /* ComposableArchitecture */,
			);
			productName = "swiftui-demo";
			productReference = 24371049267A2213006DF9FB /* swiftui-demo.app */;
			productType = "com.apple.product-type.application";
		};
/* End PBXNativeTarget section */

/* Begin PBXProject section */
		24371041267A2213006DF9FB /* Project object */ = {
			isa = PBXProject;
			attributes = {
				LastSwiftUpdateCheck = 1250;
				LastUpgradeCheck = 1250;
				TargetAttributes = {
					24371048267A2213006DF9FB = {
						CreatedOnToolsVersion = 12.5;
					};
				};
			};
			buildConfigurationList = 24371044267A2213006DF9FB /* Build configuration list for PBXProject "swiftui-demo" */;
			compatibilityVersion = "Xcode 9.3";
			developmentRegion = en;
			hasScannedForEncodings = 0;
			knownRegions = (
				en,
				Base,
			);
			mainGroup = 24371040267A2213006DF9FB;
			packageReferences = (
				2495853826905597000FF420 /* XCRemoteSwiftPackageReference "swift-composable-architecture" */,
			);
			productRefGroup = 2437104A267A2213006DF9FB /* Products */;
			projectDirPath = "";
			projectRoot = "";
			targets = (
				24371048267A2213006DF9FB /* swiftui-demo */,
			);
		};
/* End PBXProject section */

/* Begin PBXResourcesBuildPhase section */
		24371047267A2213006DF9FB /* Resources */ = {
			isa = PBXResourcesBuildPhase;
			buildActionMask = 2147483647;
			files = (
				24371054267A2216006DF9FB /* Preview Assets.xcassets in Resources */,
				24371051267A2216006DF9FB /* Assets.xcassets in Resources */,
			);
			runOnlyForDeploymentPostprocessing = 0;
		};
/* End PBXResourcesBuildPhase section */

/* Begin PBXSourcesBuildPhase section */
		24371045267A2213006DF9FB /* Sources */ = {
			isa = PBXSourcesBuildPhase;
			buildActionMask = 2147483647;
			files = (
				2437105F267CE1DB006DF9FB /* RankPage.swift in Sources */,
				2495854026971B2C000FF420 /* LearnPage.swift in Sources */,
				2437104F267A2213006DF9FB /* ContentView.swift in Sources */,
				2437105D267CE1C9006DF9FB /* HomePage.swift in Sources */,
				2437104D267A2213006DF9FB /* swiftui_demoApp.swift in Sources */,
				2495853C2690570F000FF420 /* CasePage.swift in Sources */,
				2495853E26905A03000FF420 /* CasePageTCA.swift in Sources */,
				24371061267CE21E006DF9FB /* MinePage.swift in Sources */,
			);
			runOnlyForDeploymentPostprocessing = 0;
		};
/* End PBXSourcesBuildPhase section */

/* Begin XCBuildConfiguration section */
		24371056267A2216006DF9FB /* Debug */ = {
			isa = XCBuildConfiguration;
			buildSettings = {
				ALWAYS_SEARCH_USER_PATHS = NO;
				CLANG_ANALYZER_NONNULL = YES;
				CLANG_ANALYZER_NUMBER_OBJECT_CONVERSION = YES_AGGRESSIVE;
				CLANG_CXX_LANGUAGE_STANDARD = "gnu++14";
				CLANG_CXX_LIBRARY = "libc++";
				CLANG_ENABLE_MODULES = YES;
				CLANG_ENABLE_OBJC_ARC = YES;
				CLANG_ENABLE_OBJC_WEAK = YES;
				CLANG_WARN_BLOCK_CAPTURE_AUTORELEASING = YES;
				CLANG_WARN_BOOL_CONVERSION = YES;
				CLANG_WARN_COMMA = YES;
				CLANG_WARN_CONSTANT_CONVERSION = YES;
				CLANG_WARN_DEPRECATED_OBJC_IMPLEMENTATIONS = YES;
				CLANG_WARN_DIRECT_OBJC_ISA_USAGE = YES_ERROR;
				CLANG_WARN_DOCUMENTATION_COMMENTS = YES;
				CLANG_WARN_EMPTY_BODY = YES;
				CLANG_WARN_ENUM_CONVERSION = YES;
				CLANG_WARN_INFINITE_RECURSION = YES;
				CLANG_WARN_INT_CONVERSION = YES;
				CLANG_WARN_NON_LITERAL_NULL_CONVERSION = YES;
				CLANG_WARN_OBJC_IMPLICIT_RETAIN_SELF = YES;
				CLANG_WARN_OBJC_LITERAL_CONVERSION = YES;
				CLANG_WARN_OBJC_ROOT_CLASS = YES_ERROR;
				CLANG_WARN_QUOTED_INCLUDE_IN_FRAMEWORK_HEADER = YES;
				CLANG_WARN_RANGE_LOOP_ANALYSIS = YES;
				CLANG_WARN_STRICT_PROTOTYPES = YES;
				CLANG_WARN_SUSPICIOUS_MOVE = YES;
				CLANG_WARN_UNGUARDED_AVAILABILITY = YES_AGGRESSIVE;
				CLANG_WARN_UNREACHABLE_CODE = YES;
				CLANG_WARN__DUPLICATE_METHOD_MATCH = YES;
				COPY_PHASE_STRIP = NO;
				DEBUG_INFORMATION_FORMAT = dwarf;
				ENABLE_STRICT_OBJC_MSGSEND = YES;
				ENABLE_TESTABILITY = YES;
				GCC_C_LANGUAGE_STANDARD = gnu11;
				GCC_DYNAMIC_NO_PIC = NO;
				GCC_NO_COMMON_BLOCKS = YES;
				GCC_OPTIMIZATION_LEVEL = 0;
				GCC_PREPROCESSOR_DEFINITIONS = (
					"DEBUG=1",
					"$(inherited)",
				);
				GCC_WARN_64_TO_32_BIT_CONVERSION = YES;
				GCC_WARN_ABOUT_RETURN_TYPE = YES_ERROR;
				GCC_WARN_UNDECLARED_SELECTOR = YES;
				GCC_WARN_UNINITIALIZED_AUTOS = YES_AGGRESSIVE;
				GCC_WARN_UNUSED_FUNCTION = YES;
				GCC_WARN_UNUSED_VARIABLE = YES;
				IPHONEOS_DEPLOYMENT_TARGET = 14.5;
				MTL_ENABLE_DEBUG_INFO = INCLUDE_SOURCE;
				MTL_FAST_MATH = YES;
				ONLY_ACTIVE_ARCH = YES;
				SDKROOT = iphoneos;
				SWIFT_ACTIVE_COMPILATION_CONDITIONS = DEBUG;
				SWIFT_OPTIMIZATION_LEVEL = "-Onone";
			};
			name = Debug;
		};
		24371057267A2216006DF9FB /* Release */ = {
			isa = XCBuildConfiguration;
			buildSettings = {
				ALWAYS_SEARCH_USER_PATHS = NO;
				CLANG_ANALYZER_NONNULL = YES;
				CLANG_ANALYZER_NUMBER_OBJECT_CONVERSION = YES_AGGRESSIVE;
				CLANG_CXX_LANGUAGE_STANDARD = "gnu++14";
				CLANG_CXX_LIBRARY = "libc++";
				CLANG_ENABLE_MODULES = YES;
				CLANG_ENABLE_OBJC_ARC = YES;
				CLANG_ENABLE_OBJC_WEAK = YES;
				CLANG_WARN_BLOCK_CAPTURE_AUTORELEASING = YES;
				CLANG_WARN_BOOL_CONVERSION = YES;
				CLANG_WARN_COMMA = YES;
				CLANG_WARN_CONSTANT_CONVERSION = YES;
				CLANG_WARN_DEPRECATED_OBJC_IMPLEMENTATIONS = YES;
				CLANG_WARN_DIRECT_OBJC_ISA_USAGE = YES_ERROR;
				CLANG_WARN_DOCUMENTATION_COMMENTS = YES;
				CLANG_WARN_EMPTY_BODY = YES;
				CLANG_WARN_ENUM_CONVERSION = YES;
				CLANG_WARN_INFINITE_RECURSION = YES;
				CLANG_WARN_INT_CONVERSION = YES;
				CLANG_WARN_NON_LITERAL_NULL_CONVERSION = YES;
				CLANG_WARN_OBJC_IMPLICIT_RETAIN_SELF = YES;
				CLANG_WARN_OBJC_LITERAL_CONVERSION = YES;
				CLANG_WARN_OBJC_ROOT_CLASS = YES_ERROR;
				CLANG_WARN_QUOTED_INCLUDE_IN_FRAMEWORK_HEADER = YES;
				CLANG_WARN_RANGE_LOOP_ANALYSIS = YES;
				CLANG_WARN_STRICT_PROTOTYPES = YES;
				CLANG_WARN_SUSPICIOUS_MOVE = YES;
				CLANG_WARN_UNGUARDED_AVAILABILITY = YES_AGGRESSIVE;
				CLANG_WARN_UNREACHABLE_CODE = YES;
				CLANG_WARN__DUPLICATE_METHOD_MATCH = YES;
				COPY_PHASE_STRIP = NO;
				DEBUG_INFORMATION_FORMAT = "dwarf-with-dsym";
				ENABLE_NS_ASSERTIONS = NO;
				ENABLE_STRICT_OBJC_MSGSEND = YES;
				GCC_C_LANGUAGE_STANDARD = gnu11;
				GCC_NO_COMMON_BLOCKS = YES;
				GCC_WARN_64_TO_32_BIT_CONVERSION = YES;
				GCC_WARN_ABOUT_RETURN_TYPE = YES_ERROR;
				GCC_WARN_UNDECLARED_SELECTOR = YES;
				GCC_WARN_UNINITIALIZED_AUTOS = YES_AGGRESSIVE;
				GCC_WARN_UNUSED_FUNCTION = YES;
				GCC_WARN_UNUSED_VARIABLE = YES;
				IPHONEOS_DEPLOYMENT_TARGET = 14.5;
				MTL_ENABLE_DEBUG_INFO = NO;
				MTL_FAST_MATH = YES;
				SDKROOT = iphoneos;
				SWIFT_COMPILATION_MODE = wholemodule;
				SWIFT_OPTIMIZATION_LEVEL = "-O";
				VALIDATE_PRODUCT = YES;
			};
			name = Release;
		};
		24371059267A2216006DF9FB /* Debug */ = {
			isa = XCBuildConfiguration;
			buildSettings = {
				ASSETCATALOG_COMPILER_APPICON_NAME = AppIcon;
				ASSETCATALOG_COMPILER_GLOBAL_ACCENT_COLOR_NAME = AccentColor;
				CODE_SIGN_STYLE = Automatic;
				DEVELOPMENT_ASSET_PATHS = "\"swiftui-demo/Preview Content\"";
				DEVELOPMENT_TEAM = 64H5U3LG67;
				ENABLE_PREVIEWS = YES;
				INFOPLIST_FILE = "swiftui-demo/Info.plist";
				IPHONEOS_DEPLOYMENT_TARGET = 14.0;
				LD_RUNPATH_SEARCH_PATHS = (
					"$(inherited)",
					"@executable_path/Frameworks",
				);
				PRODUCT_BUNDLE_IDENTIFIER = "loveli.site.swiftui-demo";
				PRODUCT_NAME = "$(TARGET_NAME)";
				SWIFT_VERSION = 5.0;
				TARGETED_DEVICE_FAMILY = "1,2";
			};
			name = Debug;
		};
		2437105A267A2216006DF9FB /* Release */ = {
			isa = XCBuildConfiguration;
			buildSettings = {
				ASSETCATALOG_COMPILER_APPICON_NAME = AppIcon;
				ASSETCATALOG_COMPILER_GLOBAL_ACCENT_COLOR_NAME = AccentColor;
				CODE_SIGN_STYLE = Automatic;
				DEVELOPMENT_ASSET_PATHS = "\"swiftui-demo/Preview Content\"";
				DEVELOPMENT_TEAM = 64H5U3LG67;
				ENABLE_PREVIEWS = YES;
				INFOPLIST_FILE = "swiftui-demo/Info.plist";
				IPHONEOS_DEPLOYMENT_TARGET = 14.0;
				LD_RUNPATH_SEARCH_PATHS = (
					"$(inherited)",
					"@executable_path/Frameworks",
				);
				PRODUCT_BUNDLE_IDENTIFIER = "loveli.site.swiftui-demo";
				PRODUCT_NAME = "$(TARGET_NAME)";
				SWIFT_VERSION = 5.0;
				TARGETED_DEVICE_FAMILY = "1,2";
			};
			name = Release;
		};
/* End XCBuildConfiguration section */

/* Begin XCConfigurationList section */
		24371044267A2213006DF9FB /* Build configuration list for PBXProject "swiftui-demo" */ = {
			isa = XCConfigurationList;
			buildConfigurations = (
				24371056267A2216006DF9FB /* Debug */,
				24371057267A2216006DF9FB /* Release */,
			);
			defaultConfigurationIsVisible = 0;
			defaultConfigurationName = Release;
		};
		24371058267A2216006DF9FB /* Build configuration list for PBXNativeTarget "swiftui-demo" */ = {
			isa = XCConfigurationList;
			buildConfigurations = (
				24371059267A2216006DF9FB /* Debug */,
				2437105A267A2216006DF9FB /* Release */,
			);
			defaultConfigurationIsVisible = 0;
			defaultConfigurationName = Release;
		};
/* End XCConfigurationList section */

/* Begin XCRemoteSwiftPackageReference section */
		2495853826905597000FF420 /* XCRemoteSwiftPackageReference "swift-composable-architecture" */ = {
			isa = XCRemoteSwiftPackageReference;
			repositoryURL = "https://github.com/pointfreeco/swift-composable-architecture";
			requirement = {
				kind = upToNextMajorVersion;
				minimumVersion = 0.20.0;
			};
		};
/* End XCRemoteSwiftPackageReference section */

/* Begin XCSwiftPackageProductDependency section */
		2495853926905597000FF420 /* ComposableArchitecture */ = {
			isa = XCSwiftPackageProductDependency;
			package = 2495853826905597000FF420 /* XCRemoteSwiftPackageReference "swift-composable-architecture" */;
			productName = ComposableArchitecture;
		};
/* End XCSwiftPackageProductDependency section */
	};
	rootObject = 24371041267A2213006DF9FB /* Project object */;
}
